
Microsoft Visual Studio Solution File, Format Version 12.00
# Visual Studio Version 16
VisualStudioVersion = 16.0.32428.217
MinimumVisualStudioVersion = 10.0.40219.1
Project("{FAE04EC0-301F-11D3-BF4B-00C04F79EFBC}") = "Practice3", "Practice3\Practice3.csproj", "{D1FBFEAC-8C93-4589-AC9B-975FC111EE22}"
EndProject
Global
	GlobalSection(SolutionConfigurationPlatforms) = preSolution
		Debug|Any CPU = Debug|Any CPU
		Release|Any CPU = Release|Any CPU
	EndGlobalSection
	GlobalSection(ProjectConfigurationPlatforms) = postSolution
		{D1FBFEAC-8C93-4589-AC9B-975FC111EE22}.Debug|Any CPU.ActiveCfg = Debug|Any CPU
		{D1FBFEAC-8C93-4589-AC9B-975FC111EE22}.Debug|Any CPU.Build.0 = Debug|Any CPU
		{D1FBFEAC-8C93-4589-AC9B-975FC111EE22}.Release|Any CPU.ActiveCfg = Release|Any CPU
		{D1FBFEAC-8C93-4589-AC9B-975FC111EE22}.Release|Any CPU.Build.0 = Release|Any CPU
	EndGlobalSection
	GlobalSection(SolutionProperties) = preSolution
		HideSolutionNode = FALSE
	EndGlobalSection
	GlobalSection(ExtensibilityGlobals) = postSolution
		SolutionGuid = {6CBAC71B-88CD-47C2-A1D9-A03B4C1C4A46}
	EndGlobalSection
EndGlobal
