
Microsoft Visual Studio Solution File, Format Version 12.00
# Visual Studio Version 16
VisualStudioVersion = 16.0.32428.217
MinimumVisualStudioVersion = 10.0.40219.1
Project("{FAE04EC0-301F-11D3-BF4B-00C04F79EFBC}") = "weekdayenum", "weekdayenum\weekdayenum.csproj", "{2D835B36-DC76-4D59-B1F6-33CD6451C553}"
EndProject
Global
	GlobalSection(SolutionConfigurationPlatforms) = preSolution
		Debug|Any CPU = Debug|Any CPU
		Release|Any CPU = Release|Any CPU
	EndGlobalSection
	GlobalSection(ProjectConfigurationPlatforms) = postSolution
		{2D835B36-DC76-4D59-B1F6-33CD6451C553}.Debug|Any CPU.ActiveCfg = Debug|Any CPU
		{2D835B36-DC76-4D59-B1F6-33CD6451C553}.Debug|Any CPU.Build.0 = Debug|Any CPU
		{2D835B36-DC76-4D59-B1F6-33CD6451C553}.Release|Any CPU.ActiveCfg = Release|Any CPU
		{2D835B36-DC76-4D59-B1F6-33CD6451C553}.Release|Any CPU.Build.0 = Release|Any CPU
	EndGlobalSection
	GlobalSection(SolutionProperties) = preSolution
		HideSolutionNode = FALSE
	EndGlobalSection
	GlobalSection(ExtensibilityGlobals) = postSolution
		SolutionGuid = {0CC001C4-C04C-4388-B213-7C6D59E91407}
	EndGlobalSection
EndGlobal
