
Microsoft Visual Studio Solution File, Format Version 12.00
# Visual Studio Version 16
VisualStudioVersion = 16.0.31515.178
MinimumVisualStudioVersion = 10.0.40219.1
Project("{FAE04EC0-301F-11D3-BF4B-00C04F79EFBC}") = "Flipkart", "Flipkart\Flipkart.csproj", "{35BACF8A-29C5-4440-A699-B095D8CC8058}"
EndProject
Global
	GlobalSection(SolutionConfigurationPlatforms) = preSolution
		Debug|Any CPU = Debug|Any CPU
		Release|Any CPU = Release|Any CPU
	EndGlobalSection
	GlobalSection(ProjectConfigurationPlatforms) = postSolution
		{35BACF8A-29C5-4440-A699-B095D8CC8058}.Debug|Any CPU.ActiveCfg = Debug|Any CPU
		{35BACF8A-29C5-4440-A699-B095D8CC8058}.Debug|Any CPU.Build.0 = Debug|Any CPU
		{35BACF8A-29C5-4440-A699-B095D8CC8058}.Release|Any CPU.ActiveCfg = Release|Any CPU
		{35BACF8A-29C5-4440-A699-B095D8CC8058}.Release|Any CPU.Build.0 = Release|Any CPU
	EndGlobalSection
	GlobalSection(SolutionProperties) = preSolution
		HideSolutionNode = FALSE
	EndGlobalSection
	GlobalSection(ExtensibilityGlobals) = postSolution
		SolutionGuid = {86CCBBCE-322A-4E19-91E2-B7248B4BFF5A}
	EndGlobalSection
EndGlobal
