
Microsoft Visual Studio Solution File, Format Version 12.00
# Visual Studio Version 16
VisualStudioVersion = 16.0.32428.217
MinimumVisualStudioVersion = 10.0.40219.1
Project("{FAE04EC0-301F-11D3-BF4B-00C04F79EFBC}") = "sumofevennums", "sumofevennums\sumofevennums.csproj", "{BE86B231-DB22-4F30-AD7C-9334B714957B}"
EndProject
Global
	GlobalSection(SolutionConfigurationPlatforms) = preSolution
		Debug|Any CPU = Debug|Any CPU
		Release|Any CPU = Release|Any CPU
	EndGlobalSection
	GlobalSection(ProjectConfigurationPlatforms) = postSolution
		{BE86B231-DB22-4F30-AD7C-9334B714957B}.Debug|Any CPU.ActiveCfg = Debug|Any CPU
		{BE86B231-DB22-4F30-AD7C-9334B714957B}.Debug|Any CPU.Build.0 = Debug|Any CPU
		{BE86B231-DB22-4F30-AD7C-9334B714957B}.Release|Any CPU.ActiveCfg = Release|Any CPU
		{BE86B231-DB22-4F30-AD7C-9334B714957B}.Release|Any CPU.Build.0 = Release|Any CPU
	EndGlobalSection
	GlobalSection(SolutionProperties) = preSolution
		HideSolutionNode = FALSE
	EndGlobalSection
	GlobalSection(ExtensibilityGlobals) = postSolution
		SolutionGuid = {46B8FECA-2339-4F1E-804C-5C0BDACD0E66}
	EndGlobalSection
EndGlobal
