
Microsoft Visual Studio Solution File, Format Version 12.00
# Visual Studio Version 16
VisualStudioVersion = 16.0.32428.217
MinimumVisualStudioVersion = 10.0.40219.1
Project("{FAE04EC0-301F-11D3-BF4B-00C04F79EFBC}") = "studentsrecords", "studentsrecords\studentsrecords.csproj", "{D0119F17-46D6-4095-ABBC-51DE62807BBC}"
EndProject
Global
	GlobalSection(SolutionConfigurationPlatforms) = preSolution
		Debug|Any CPU = Debug|Any CPU
		Release|Any CPU = Release|Any CPU
	EndGlobalSection
	GlobalSection(ProjectConfigurationPlatforms) = postSolution
		{D0119F17-46D6-4095-ABBC-51DE62807BBC}.Debug|Any CPU.ActiveCfg = Debug|Any CPU
		{D0119F17-46D6-4095-ABBC-51DE62807BBC}.Debug|Any CPU.Build.0 = Debug|Any CPU
		{D0119F17-46D6-4095-ABBC-51DE62807BBC}.Release|Any CPU.ActiveCfg = Release|Any CPU
		{D0119F17-46D6-4095-ABBC-51DE62807BBC}.Release|Any CPU.Build.0 = Release|Any CPU
	EndGlobalSection
	GlobalSection(SolutionProperties) = preSolution
		HideSolutionNode = FALSE
	EndGlobalSection
	GlobalSection(ExtensibilityGlobals) = postSolution
		SolutionGuid = {428288CA-8F56-4387-9B58-74D2AC3097D7}
	EndGlobalSection
EndGlobal
