
Microsoft Visual Studio Solution File, Format Version 12.00
# Visual Studio Version 16
VisualStudioVersion = 16.0.32428.217
MinimumVisualStudioVersion = 10.0.40219.1
Project("{FAE04EC0-301F-11D3-BF4B-00C04F79EFBC}") = "Flipkart", "Flipkart\Flipkart.csproj", "{3493B7B9-EF89-4D6C-B575-784819C52199}"
EndProject
Global
	GlobalSection(SolutionConfigurationPlatforms) = preSolution
		Debug|Any CPU = Debug|Any CPU
		Release|Any CPU = Release|Any CPU
	EndGlobalSection
	GlobalSection(ProjectConfigurationPlatforms) = postSolution
		{3493B7B9-EF89-4D6C-B575-784819C52199}.Debug|Any CPU.ActiveCfg = Debug|Any CPU
		{3493B7B9-EF89-4D6C-B575-784819C52199}.Debug|Any CPU.Build.0 = Debug|Any CPU
		{3493B7B9-EF89-4D6C-B575-784819C52199}.Release|Any CPU.ActiveCfg = Release|Any CPU
		{3493B7B9-EF89-4D6C-B575-784819C52199}.Release|Any CPU.Build.0 = Release|Any CPU
	EndGlobalSection
	GlobalSection(SolutionProperties) = preSolution
		HideSolutionNode = FALSE
	EndGlobalSection
	GlobalSection(ExtensibilityGlobals) = postSolution
		SolutionGuid = {4FEC9763-82FD-4B8F-99AA-BECD937E4B7F}
	EndGlobalSection
EndGlobal
