
Microsoft Visual Studio Solution File, Format Version 12.00
# Visual Studio Version 16
VisualStudioVersion = 16.0.32428.217
MinimumVisualStudioVersion = 10.0.40219.1
Project("{FAE04EC0-301F-11D3-BF4B-00C04F79EFBC}") = "pr1", "pr1\pr1.csproj", "{F9C9592D-3A60-472C-969D-67ED0FFDC932}"
EndProject
Global
	GlobalSection(SolutionConfigurationPlatforms) = preSolution
		Debug|Any CPU = Debug|Any CPU
		Release|Any CPU = Release|Any CPU
	EndGlobalSection
	GlobalSection(ProjectConfigurationPlatforms) = postSolution
		{F9C9592D-3A60-472C-969D-67ED0FFDC932}.Debug|Any CPU.ActiveCfg = Debug|Any CPU
		{F9C9592D-3A60-472C-969D-67ED0FFDC932}.Debug|Any CPU.Build.0 = Debug|Any CPU
		{F9C9592D-3A60-472C-969D-67ED0FFDC932}.Release|Any CPU.ActiveCfg = Release|Any CPU
		{F9C9592D-3A60-472C-969D-67ED0FFDC932}.Release|Any CPU.Build.0 = Release|Any CPU
	EndGlobalSection
	GlobalSection(SolutionProperties) = preSolution
		HideSolutionNode = FALSE
	EndGlobalSection
	GlobalSection(ExtensibilityGlobals) = postSolution
		SolutionGuid = {F0D1A62E-FBF4-42A7-B4ED-3291446B80B7}
	EndGlobalSection
EndGlobal
